
Microsoft Visual Studio Solution File, Format Version 12.00
# Visual Studio Version 16
VisualStudioVersion = 16.0.31729.503
MinimumVisualStudioVersion = 10.0.40219.1
Project("{9A19103F-16F7-4668-BE54-9A1E7A4F7556}") = "ReservationApp", "ReservationApp\ReservationApp.csproj", "{5F84210F-D3A5-49E8-877B-642D9CDDECB1}"
EndProject
Global
	GlobalSection(SolutionConfigurationPlatforms) = preSolution
		Debug|Any CPU = Debug|Any CPU
		Release|Any CPU = Release|Any CPU
	EndGlobalSection
	GlobalSection(ProjectConfigurationPlatforms) = postSolution
		{5F84210F-D3A5-49E8-877B-642D9CDDECB1}.Debug|Any CPU.ActiveCfg = Debug|Any CPU
		{5F84210F-D3A5-49E8-877B-642D9CDDECB1}.Debug|Any CPU.Build.0 = Debug|Any CPU
		{5F84210F-D3A5-49E8-877B-642D9CDDECB1}.Release|Any CPU.ActiveCfg = Release|Any CPU
		{5F84210F-D3A5-49E8-877B-642D9CDDECB1}.Release|Any CPU.Build.0 = Release|Any CPU
	EndGlobalSection
	GlobalSection(SolutionProperties) = preSolution
		HideSolutionNode = FALSE
	EndGlobalSection
	GlobalSection(ExtensibilityGlobals) = postSolution
		SolutionGuid = {AD95C1F7-496D-47E4-AB71-C52527F8EC57}
	EndGlobalSection
EndGlobal
